
Microsoft Visual Studio Solution File, Format Version 12.00
# Visual Studio Version 16
VisualStudioVersion = 16.0.32901.82
MinimumVisualStudioVersion = 10.0.40219.1
Project("{8BC9CEB8-8B4A-11D0-8D11-00A0C91BC942}") = "pr_20221020", "pr_20221020.vcxproj", "{C01F467D-F66C-49FA-AC55-2F4152C51BA1}"
EndProject
Global
	GlobalSection(SolutionConfigurationPlatforms) = preSolution
		Debug|x64 = Debug|x64
		Debug|x86 = Debug|x86
		Release|x64 = Release|x64
		Release|x86 = Release|x86
	EndGlobalSection
	GlobalSection(ProjectConfigurationPlatforms) = postSolution
		{C01F467D-F66C-49FA-AC55-2F4152C51BA1}.Debug|x64.ActiveCfg = Debug|x64
		{C01F467D-F66C-49FA-AC55-2F4152C51BA1}.Debug|x64.Build.0 = Debug|x64
		{C01F467D-F66C-49FA-AC55-2F4152C51BA1}.Debug|x86.ActiveCfg = Debug|Win32
		{C01F467D-F66C-49FA-AC55-2F4152C51BA1}.Debug|x86.Build.0 = Debug|Win32
		{C01F467D-F66C-49FA-AC55-2F4152C51BA1}.Release|x64.ActiveCfg = Release|x64
		{C01F467D-F66C-49FA-AC55-2F4152C51BA1}.Release|x64.Build.0 = Release|x64
		{C01F467D-F66C-49FA-AC55-2F4152C51BA1}.Release|x86.ActiveCfg = Release|Win32
		{C01F467D-F66C-49FA-AC55-2F4152C51BA1}.Release|x86.Build.0 = Release|Win32
	EndGlobalSection
	GlobalSection(SolutionProperties) = preSolution
		HideSolutionNode = FALSE
	EndGlobalSection
	GlobalSection(ExtensibilityGlobals) = postSolution
		SolutionGuid = {668B2709-412F-4157-8BE5-9D6BDF1D8291}
	EndGlobalSection
EndGlobal
