
Microsoft Visual Studio Solution File, Format Version 12.00
# Visual Studio Version 16
VisualStudioVersion = 16.0.32901.82
MinimumVisualStudioVersion = 10.0.40219.1
Project("{8BC9CEB8-8B4A-11D0-8D11-00A0C91BC942}") = "20221014_Bitwise", "20221014_Bitwise.vcxproj", "{375BF8E6-45EC-4D6A-BEFB-53A54A73A0B1}"
EndProject
Global
	GlobalSection(SolutionConfigurationPlatforms) = preSolution
		Debug|x64 = Debug|x64
		Debug|x86 = Debug|x86
		Release|x64 = Release|x64
		Release|x86 = Release|x86
	EndGlobalSection
	GlobalSection(ProjectConfigurationPlatforms) = postSolution
		{375BF8E6-45EC-4D6A-BEFB-53A54A73A0B1}.Debug|x64.ActiveCfg = Debug|x64
		{375BF8E6-45EC-4D6A-BEFB-53A54A73A0B1}.Debug|x64.Build.0 = Debug|x64
		{375BF8E6-45EC-4D6A-BEFB-53A54A73A0B1}.Debug|x86.ActiveCfg = Debug|Win32
		{375BF8E6-45EC-4D6A-BEFB-53A54A73A0B1}.Debug|x86.Build.0 = Debug|Win32
		{375BF8E6-45EC-4D6A-BEFB-53A54A73A0B1}.Release|x64.ActiveCfg = Release|x64
		{375BF8E6-45EC-4D6A-BEFB-53A54A73A0B1}.Release|x64.Build.0 = Release|x64
		{375BF8E6-45EC-4D6A-BEFB-53A54A73A0B1}.Release|x86.ActiveCfg = Release|Win32
		{375BF8E6-45EC-4D6A-BEFB-53A54A73A0B1}.Release|x86.Build.0 = Release|Win32
	EndGlobalSection
	GlobalSection(SolutionProperties) = preSolution
		HideSolutionNode = FALSE
	EndGlobalSection
	GlobalSection(ExtensibilityGlobals) = postSolution
		SolutionGuid = {5BBADDDF-DF81-4A08-9B34-40DDD2438271}
	EndGlobalSection
EndGlobal
