
Microsoft Visual Studio Solution File, Format Version 12.00
# Visual Studio Version 17
VisualStudioVersion = 17.3.32922.545
MinimumVisualStudioVersion = 10.0.40219.1
Project("{8BC9CEB8-8B4A-11D0-8D11-00A0C91BC942}") = "gugudanWith2DArray", "gugudanWith2DArray\gugudanWith2DArray.vcxproj", "{8CDAE0C2-D65D-4C53-9973-B314613436B9}"
EndProject
Global
	GlobalSection(SolutionConfigurationPlatforms) = preSolution
		Debug|x64 = Debug|x64
		Debug|x86 = Debug|x86
		Release|x64 = Release|x64
		Release|x86 = Release|x86
	EndGlobalSection
	GlobalSection(ProjectConfigurationPlatforms) = postSolution
		{8CDAE0C2-D65D-4C53-9973-B314613436B9}.Debug|x64.ActiveCfg = Debug|x64
		{8CDAE0C2-D65D-4C53-9973-B314613436B9}.Debug|x64.Build.0 = Debug|x64
		{8CDAE0C2-D65D-4C53-9973-B314613436B9}.Debug|x86.ActiveCfg = Debug|Win32
		{8CDAE0C2-D65D-4C53-9973-B314613436B9}.Debug|x86.Build.0 = Debug|Win32
		{8CDAE0C2-D65D-4C53-9973-B314613436B9}.Release|x64.ActiveCfg = Release|x64
		{8CDAE0C2-D65D-4C53-9973-B314613436B9}.Release|x64.Build.0 = Release|x64
		{8CDAE0C2-D65D-4C53-9973-B314613436B9}.Release|x86.ActiveCfg = Release|Win32
		{8CDAE0C2-D65D-4C53-9973-B314613436B9}.Release|x86.Build.0 = Release|Win32
	EndGlobalSection
	GlobalSection(SolutionProperties) = preSolution
		HideSolutionNode = FALSE
	EndGlobalSection
	GlobalSection(ExtensibilityGlobals) = postSolution
		SolutionGuid = {8DBCB1D9-9A17-4CCB-8F4F-E087E87CC68A}
	EndGlobalSection
EndGlobal
