
Microsoft Visual Studio Solution File, Format Version 12.00
# Visual Studio Version 16
VisualStudioVersion = 16.0.32901.82
MinimumVisualStudioVersion = 10.0.40219.1
Project("{8BC9CEB8-8B4A-11D0-8D11-00A0C91BC942}") = "pr_20221024", "pr_20221024.vcxproj", "{C7986B8A-7216-4E37-BA4E-88F9DD9EEB12}"
EndProject
Global
	GlobalSection(SolutionConfigurationPlatforms) = preSolution
		Debug|x64 = Debug|x64
		Debug|x86 = Debug|x86
		Release|x64 = Release|x64
		Release|x86 = Release|x86
	EndGlobalSection
	GlobalSection(ProjectConfigurationPlatforms) = postSolution
		{C7986B8A-7216-4E37-BA4E-88F9DD9EEB12}.Debug|x64.ActiveCfg = Debug|x64
		{C7986B8A-7216-4E37-BA4E-88F9DD9EEB12}.Debug|x64.Build.0 = Debug|x64
		{C7986B8A-7216-4E37-BA4E-88F9DD9EEB12}.Debug|x86.ActiveCfg = Debug|Win32
		{C7986B8A-7216-4E37-BA4E-88F9DD9EEB12}.Debug|x86.Build.0 = Debug|Win32
		{C7986B8A-7216-4E37-BA4E-88F9DD9EEB12}.Release|x64.ActiveCfg = Release|x64
		{C7986B8A-7216-4E37-BA4E-88F9DD9EEB12}.Release|x64.Build.0 = Release|x64
		{C7986B8A-7216-4E37-BA4E-88F9DD9EEB12}.Release|x86.ActiveCfg = Release|Win32
		{C7986B8A-7216-4E37-BA4E-88F9DD9EEB12}.Release|x86.Build.0 = Release|Win32
	EndGlobalSection
	GlobalSection(SolutionProperties) = preSolution
		HideSolutionNode = FALSE
	EndGlobalSection
	GlobalSection(ExtensibilityGlobals) = postSolution
		SolutionGuid = {75DA314A-35EB-490E-B9E4-5C9513D7E605}
	EndGlobalSection
EndGlobal
