
Microsoft Visual Studio Solution File, Format Version 12.00
# Visual Studio Version 16
VisualStudioVersion = 16.0.32901.82
MinimumVisualStudioVersion = 10.0.40219.1
Project("{8BC9CEB8-8B4A-11D0-8D11-00A0C91BC942}") = "20221025_Stack", "20221025_Stack.vcxproj", "{BB099617-A703-45C9-9F90-F8D2D6492A75}"
EndProject
Global
	GlobalSection(SolutionConfigurationPlatforms) = preSolution
		Debug|x64 = Debug|x64
		Debug|x86 = Debug|x86
		Release|x64 = Release|x64
		Release|x86 = Release|x86
	EndGlobalSection
	GlobalSection(ProjectConfigurationPlatforms) = postSolution
		{BB099617-A703-45C9-9F90-F8D2D6492A75}.Debug|x64.ActiveCfg = Debug|x64
		{BB099617-A703-45C9-9F90-F8D2D6492A75}.Debug|x64.Build.0 = Debug|x64
		{BB099617-A703-45C9-9F90-F8D2D6492A75}.Debug|x86.ActiveCfg = Debug|Win32
		{BB099617-A703-45C9-9F90-F8D2D6492A75}.Debug|x86.Build.0 = Debug|Win32
		{BB099617-A703-45C9-9F90-F8D2D6492A75}.Release|x64.ActiveCfg = Release|x64
		{BB099617-A703-45C9-9F90-F8D2D6492A75}.Release|x64.Build.0 = Release|x64
		{BB099617-A703-45C9-9F90-F8D2D6492A75}.Release|x86.ActiveCfg = Release|Win32
		{BB099617-A703-45C9-9F90-F8D2D6492A75}.Release|x86.Build.0 = Release|Win32
	EndGlobalSection
	GlobalSection(SolutionProperties) = preSolution
		HideSolutionNode = FALSE
	EndGlobalSection
	GlobalSection(ExtensibilityGlobals) = postSolution
		SolutionGuid = {3BF991E7-3983-401E-A52B-F22932C2734E}
	EndGlobalSection
EndGlobal
