
Microsoft Visual Studio Solution File, Format Version 12.00
# Visual Studio Version 16
VisualStudioVersion = 16.0.32901.82
MinimumVisualStudioVersion = 10.0.40219.1
Project("{8BC9CEB8-8B4A-11D0-8D11-00A0C91BC942}") = "20221024_Vector", "20221024_Vector.vcxproj", "{A7C9A71E-F193-4576-9065-763ED364264E}"
EndProject
Global
	GlobalSection(SolutionConfigurationPlatforms) = preSolution
		Debug|x64 = Debug|x64
		Debug|x86 = Debug|x86
		Release|x64 = Release|x64
		Release|x86 = Release|x86
	EndGlobalSection
	GlobalSection(ProjectConfigurationPlatforms) = postSolution
		{A7C9A71E-F193-4576-9065-763ED364264E}.Debug|x64.ActiveCfg = Debug|x64
		{A7C9A71E-F193-4576-9065-763ED364264E}.Debug|x64.Build.0 = Debug|x64
		{A7C9A71E-F193-4576-9065-763ED364264E}.Debug|x86.ActiveCfg = Debug|Win32
		{A7C9A71E-F193-4576-9065-763ED364264E}.Debug|x86.Build.0 = Debug|Win32
		{A7C9A71E-F193-4576-9065-763ED364264E}.Release|x64.ActiveCfg = Release|x64
		{A7C9A71E-F193-4576-9065-763ED364264E}.Release|x64.Build.0 = Release|x64
		{A7C9A71E-F193-4576-9065-763ED364264E}.Release|x86.ActiveCfg = Release|Win32
		{A7C9A71E-F193-4576-9065-763ED364264E}.Release|x86.Build.0 = Release|Win32
	EndGlobalSection
	GlobalSection(SolutionProperties) = preSolution
		HideSolutionNode = FALSE
	EndGlobalSection
	GlobalSection(ExtensibilityGlobals) = postSolution
		SolutionGuid = {36F53DE7-E395-4489-9873-B92E774FD7D0}
	EndGlobalSection
EndGlobal
